PODS:
  - Crashlytics (3.7.1):
    - Fabric (~> 1.6.3)
  - Fabric (1.6.7)
  - MBProgressHUD (0.9.2)
  - mongo-c-driver (0.8.1)
  - ObjCMongoDB (0.12.0):
    - mongo-c-driver (~> 0.8.1)
    - ObjCMongoDB/BSON (= 0.12.0)
    - ObjCMongoDB/Mongo (= 0.12.0)
    - ObjCMongoDB/OrderedDictionary (= 0.12.0)
  - ObjCMongoDB/BSON (0.12.0):
    - mongo-c-driver (~> 0.8.1)
    - ObjCMongoDB/OrderedDictionary (~> 0.12.0)
  - ObjCMongoDB/Mongo (0.12.0):
    - mongo-c-driver (~> 0.8.1)
    - ObjCMongoDB/BSON (~> 0.12.0)
    - ObjCMongoDB/OrderedDictionary (~> 0.12.0)
  - ObjCMongoDB/OrderedDictionary (0.12.0):
    - mongo-c-driver (~> 0.8.1)
  - SBJson (4.0.2)

DEPENDENCIES:
  - Crashlytics
  - Fabric
  - MBProgressHUD (~> 0.9.2)
  - ObjCMongoDB (~> 0.12.0)
  - SBJson (~> 4.0.0)

SPEC CHECKSUMS:
  Crashlytics: 3cdd4c9655be68032a0cf0379e0fb5ef6af22cad
  Fabric: caf7580c725e64db144f610ac65cd60956911dc7
  MBProgressHUD: 1569cf7ace17a8bac47aabfbb8580a49690386d1
  mongo-c-driver: 56558b8009f8d27549b23b62ce64fe33b9818703
  ObjCMongoDB: 465dffcaf56a852381ee34bef0f98828398c8cfc
  SBJson: c18691cc18375b14664ff0fec841f8c4faef1934

COCOAPODS: 0.39.0
